
Microsoft Visual Studio Solution File, Format Version 12.00
# Visual Studio Version 17
VisualStudioVersion = 17.10.35013.160
MinimumVisualStudioVersion = 10.0.40219.1
Project("{9A19103F-16F7-4668-BE54-9A1E7A4F7556}") = "RoboCreditCore", "RoboCreditCore\RoboCreditCore.csproj", "{D318D365-212B-41B8-83D7-BE7E798A21C9}"
EndProject
Project("{9A19103F-16F7-4668-BE54-9A1E7A4F7556}") = "RoboCreditCore.Tests", "RoboCreditCore.Test\RoboCreditCore.Tests.csproj", "{05457012-87C2-4AD4-9E6F-A5C7CC214386}"
EndProject
Global
	GlobalSection(SolutionConfigurationPlatforms) = preSolution
		Debug|Any CPU = Debug|Any CPU
		Release|Any CPU = Release|Any CPU
	EndGlobalSection
	GlobalSection(ProjectConfigurationPlatforms) = postSolution
		{D318D365-212B-41B8-83D7-BE7E798A21C9}.Debug|Any CPU.ActiveCfg = Debug|Any CPU
		{D318D365-212B-41B8-83D7-BE7E798A21C9}.Debug|Any CPU.Build.0 = Debug|Any CPU
		{D318D365-212B-41B8-83D7-BE7E798A21C9}.Release|Any CPU.ActiveCfg = Release|Any CPU
		{D318D365-212B-41B8-83D7-BE7E798A21C9}.Release|Any CPU.Build.0 = Release|Any CPU
		{05457012-87C2-4AD4-9E6F-A5C7CC214386}.Debug|Any CPU.ActiveCfg = Debug|Any CPU
		{05457012-87C2-4AD4-9E6F-A5C7CC214386}.Debug|Any CPU.Build.0 = Debug|Any CPU
		{05457012-87C2-4AD4-9E6F-A5C7CC214386}.Release|Any CPU.ActiveCfg = Release|Any CPU
		{05457012-87C2-4AD4-9E6F-A5C7CC214386}.Release|Any CPU.Build.0 = Release|Any CPU
	EndGlobalSection
	GlobalSection(SolutionProperties) = preSolution
		HideSolutionNode = FALSE
	EndGlobalSection
	GlobalSection(ExtensibilityGlobals) = postSolution
		SolutionGuid = {2C932530-BC3E-4419-98EC-713B28A4437A}
	EndGlobalSection
EndGlobal
